// !$*UTF8*$!
{
	archiveVersion = 1;
	classes = {
	};
	objectVersion = 56;
	objects = {

/* Begin PBXBuildFile section */
		FAB4C0442A4DB44F00F074B7 /* AppDelegate.swift in Sources */ = {isa = PBXBuildFile; fileRef = FAB4C0432A4DB44F00F074B7 /* AppDelegate.swift */; };
		FAB4C0462A4DB44F00F074B7 /* SceneDelegate.swift in Sources */ = {isa = PBXBuildFile; fileRef = FAB4C0452A4DB44F00F074B7 /* SceneDelegate.swift */; };
		FAB4C0482A4DB44F00F074B7 /* ViewController.swift in Sources */ = {isa = PBXBuildFile; fileRef = FAB4C0472A4DB44F00F074B7 /* ViewController.swift */; };
		FAB4C04D2A4DB45000F074B7 /* Assets.xcassets in Resources */ = {isa = PBXBuildFile; fileRef = FAB4C04C2A4DB45000F074B7 /* Assets.xcassets */; };
		FAB4C0502A4DB45000F074B7 /* LaunchScreen.storyboard in Resources */ = {isa = PBXBuildFile; fileRef = FAB4C04E2A4DB45000F074B7 /* LaunchScreen.storyboard */; };
		FAB4C05F2A4DC89500F074B7 /* MainProtocols.swift in Sources */ = {isa = PBXBuildFile; fileRef = FAB4C05E2A4DC89400F074B7 /* MainProtocols.swift */; };
		FAB4C0612A4DC8C300F074B7 /* MainView.swift in Sources */ = {isa = PBXBuildFile; fileRef = FAB4C0602A4DC8C300F074B7 /* MainView.swift */; };
		FAB4C0632A4DC8E400F074B7 /* MainAssembly.swift in Sources */ = {isa = PBXBuildFile; fileRef = FAB4C0622A4DC8E400F074B7 /* MainAssembly.swift */; };
		FAB4C0662A4DC8F900F074B7 /* MainRouter.swift in Sources */ = {isa = PBXBuildFile; fileRef = FAB4C0652A4DC8F900F074B7 /* MainRouter.swift */; };
		FAB4C0682A4DC9A400F074B7 /* MainInteractor.swift in Sources */ = {isa = PBXBuildFile; fileRef = FAB4C0672A4DC9A400F074B7 /* MainInteractor.swift */; };
		FAB4C06A2A4DCA7D00F074B7 /* MainViewModel.swift in Sources */ = {isa = PBXBuildFile; fileRef = FAB4C0692A4DCA7D00F074B7 /* MainViewModel.swift */; };
		FAB4C0742A4DDE1600F074B7 /* DetailView.swift in Sources */ = {isa = PBXBuildFile; fileRef = FAB4C0732A4DDE1600F074B7 /* DetailView.swift */; };
		FAB4C0762A4DDE1F00F074B7 /* DetailViewModel.swift in Sources */ = {isa = PBXBuildFile; fileRef = FAB4C0752A4DDE1F00F074B7 /* DetailViewModel.swift */; };
		FAB4C0782A4DDE2700F074B7 /* DetailRouter.swift in Sources */ = {isa = PBXBuildFile; fileRef = FAB4C0772A4DDE2700F074B7 /* DetailRouter.swift */; };
		FAB4C07A2A4DDE3000F074B7 /* DetailAssembly.swift in Sources */ = {isa = PBXBuildFile; fileRef = FAB4C0792A4DDE3000F074B7 /* DetailAssembly.swift */; };
		FAB4C07C2A4DDE3900F074B7 /* DetailProtocols.swift in Sources */ = {isa = PBXBuildFile; fileRef = FAB4C07B2A4DDE3900F074B7 /* DetailProtocols.swift */; };
		FAB4C07E2A4DDEDE00F074B7 /* DetailInteractor.swift in Sources */ = {isa = PBXBuildFile; fileRef = FAB4C07D2A4DDEDE00F074B7 /* DetailInteractor.swift */; };
/* End PBXBuildFile section */

/* Begin PBXFileReference section */
		FAB4C0402A4DB44F00F074B7 /* MovieBlog.app */ = {isa = PBXFileReference; explicitFileType = wrapper.application; includeInIndex = 0; path = MovieBlog.app; sourceTree = BUILT_PRODUCTS_DIR; };
		FAB4C0432A4DB44F00F074B7 /* AppDelegate.swift */ = {isa = PBXFileReference; lastKnownFileType = sourcecode.swift; path = AppDelegate.swift; sourceTree = "<group>"; };
		FAB4C0452A4DB44F00F074B7 /* SceneDelegate.swift */ = {isa = PBXFileReference; lastKnownFileType = sourcecode.swift; path = SceneDelegate.swift; sourceTree = "<group>"; };
		FAB4C0472A4DB44F00F074B7 /* ViewController.swift */ = {isa = PBXFileReference; lastKnownFileType = sourcecode.swift; path = ViewController.swift; sourceTree = "<group>"; };
		FAB4C04C2A4DB45000F074B7 /* Assets.xcassets */ = {isa = PBXFileReference; lastKnownFileType = folder.assetcatalog; path = Assets.xcassets; sourceTree = "<group>"; };
		FAB4C04F2A4DB45000F074B7 /* Base */ = {isa = PBXFileReference; lastKnownFileType = file.storyboard; name = Base; path = Base.lproj/LaunchScreen.storyboard; sourceTree = "<group>"; };
		FAB4C0512A4DB45000F074B7 /* Info.plist */ = {isa = PBXFileReference; lastKnownFileType = text.plist.xml; path = Info.plist; sourceTree = "<group>"; };
		FAB4C05E2A4DC89400F074B7 /* MainProtocols.swift */ = {isa = PBXFileReference; lastKnownFileType = sourcecode.swift; path = MainProtocols.swift; sourceTree = "<group>"; };
		FAB4C0602A4DC8C300F074B7 /* MainView.swift */ = {isa = PBXFileReference; lastKnownFileType = sourcecode.swift; path = MainView.swift; sourceTree = "<group>"; };
		FAB4C0622A4DC8E400F074B7 /* MainAssembly.swift */ = {isa = PBXFileReference; lastKnownFileType = sourcecode.swift; path = MainAssembly.swift; sourceTree = "<group>"; };
		FAB4C0652A4DC8F900F074B7 /* MainRouter.swift */ = {isa = PBXFileReference; lastKnownFileType = sourcecode.swift; path = MainRouter.swift; sourceTree = "<group>"; };
		FAB4C0672A4DC9A400F074B7 /* MainInteractor.swift */ = {isa = PBXFileReference; lastKnownFileType = sourcecode.swift; path = MainInteractor.swift; sourceTree = "<group>"; };
		FAB4C0692A4DCA7D00F074B7 /* MainViewModel.swift */ = {isa = PBXFileReference; lastKnownFileType = sourcecode.swift; path = MainViewModel.swift; sourceTree = "<group>"; };
		FAB4C0732A4DDE1600F074B7 /* DetailView.swift */ = {isa = PBXFileReference; lastKnownFileType = sourcecode.swift; path = DetailView.swift; sourceTree = "<group>"; };
		FAB4C0752A4DDE1F00F074B7 /* DetailViewModel.swift */ = {isa = PBXFileReference; lastKnownFileType = sourcecode.swift; path = DetailViewModel.swift; sourceTree = "<group>"; };
		FAB4C0772A4DDE2700F074B7 /* DetailRouter.swift */ = {isa = PBXFileReference; lastKnownFileType = sourcecode.swift; path = DetailRouter.swift; sourceTree = "<group>"; };
		FAB4C0792A4DDE3000F074B7 /* DetailAssembly.swift */ = {isa = PBXFileReference; lastKnownFileType = sourcecode.swift; path = DetailAssembly.swift; sourceTree = "<group>"; };
		FAB4C07B2A4DDE3900F074B7 /* DetailProtocols.swift */ = {isa = PBXFileReference; lastKnownFileType = sourcecode.swift; path = DetailProtocols.swift; sourceTree = "<group>"; };
		FAB4C07D2A4DDEDE00F074B7 /* DetailInteractor.swift */ = {isa = PBXFileReference; lastKnownFileType = sourcecode.swift; path = DetailInteractor.swift; sourceTree = "<group>"; };
/* End PBXFileReference section */

/* Begin PBXFrameworksBuildPhase section */
		FAB4C03D2A4DB44F00F074B7 /* Frameworks */ = {
			isa = PBXFrameworksBuildPhase;
			buildActionMask = 2147483647;
			files = (
			);
			runOnlyForDeploymentPostprocessing = 0;
		};
/* End PBXFrameworksBuildPhase section */

/* Begin PBXGroup section */
		FAB4C0372A4DB44F00F074B7 = {
			isa = PBXGroup;
			children = (
				FAB4C0422A4DB44F00F074B7 /* MovieBlog */,
				FAB4C0412A4DB44F00F074B7 /* Products */,
			);
			sourceTree = "<group>";
		};
		FAB4C0412A4DB44F00F074B7 /* Products */ = {
			isa = PBXGroup;
			children = (
				FAB4C0402A4DB44F00F074B7 /* MovieBlog.app */,
			);
			name = Products;
			sourceTree = "<group>";
		};
		FAB4C0422A4DB44F00F074B7 /* MovieBlog */ = {
			isa = PBXGroup;
			children = (
				FAB4C0572A4DB5B400F074B7 /* Application */,
				FAB4C0592A4DB6E100F074B7 /* Configuration */,
				FAB4C0582A4DB5E400F074B7 /* Resources */,
				FAB4C05A2A4DB86600F074B7 /* Screens */,
			);
			path = MovieBlog;
			sourceTree = "<group>";
		};
		FAB4C0572A4DB5B400F074B7 /* Application */ = {
			isa = PBXGroup;
			children = (
				FAB4C0452A4DB44F00F074B7 /* SceneDelegate.swift */,
				FAB4C0432A4DB44F00F074B7 /* AppDelegate.swift */,
			);
			path = Application;
			sourceTree = "<group>";
		};
		FAB4C0582A4DB5E400F074B7 /* Resources */ = {
			isa = PBXGroup;
			children = (
				FAB4C04C2A4DB45000F074B7 /* Assets.xcassets */,
				FAB4C04E2A4DB45000F074B7 /* LaunchScreen.storyboard */,
			);
			path = Resources;
			sourceTree = "<group>";
		};
		FAB4C0592A4DB6E100F074B7 /* Configuration */ = {
			isa = PBXGroup;
			children = (
				FAB4C0472A4DB44F00F074B7 /* ViewController.swift */,
				FAB4C0512A4DB45000F074B7 /* Info.plist */,
			);
			path = Configuration;
			sourceTree = "<group>";
		};
		FAB4C05A2A4DB86600F074B7 /* Screens */ = {
			isa = PBXGroup;
			children = (
				FAB4C0712A4DDDF400F074B7 /* Detail */,
				FAB4C05B2A4DC7DE00F074B7 /* Main */,
			);
			path = Screens;
			sourceTree = "<group>";
		};
		FAB4C05B2A4DC7DE00F074B7 /* Main */ = {
			isa = PBXGroup;
			children = (
				FAB4C0602A4DC8C300F074B7 /* MainView.swift */,
				FAB4C0692A4DCA7D00F074B7 /* MainViewModel.swift */,
				FAB4C05E2A4DC89400F074B7 /* MainProtocols.swift */,
				FAB4C0672A4DC9A400F074B7 /* MainInteractor.swift */,
				FAB4C0622A4DC8E400F074B7 /* MainAssembly.swift */,
				FAB4C0652A4DC8F900F074B7 /* MainRouter.swift */,
			);
			path = Main;
			sourceTree = "<group>";
		};
		FAB4C0712A4DDDF400F074B7 /* Detail */ = {
			isa = PBXGroup;
			children = (
				FAB4C0732A4DDE1600F074B7 /* DetailView.swift */,
				FAB4C0752A4DDE1F00F074B7 /* DetailViewModel.swift */,
				FAB4C07B2A4DDE3900F074B7 /* DetailProtocols.swift */,
				FAB4C07D2A4DDEDE00F074B7 /* DetailInteractor.swift */,
				FAB4C0792A4DDE3000F074B7 /* DetailAssembly.swift */,
				FAB4C0772A4DDE2700F074B7 /* DetailRouter.swift */,
			);
			path = Detail;
			sourceTree = "<group>";
		};
/* End PBXGroup section */

/* Begin PBXNativeTarget section */
		FAB4C03F2A4DB44F00F074B7 /* MovieBlog */ = {
			isa = PBXNativeTarget;
			buildConfigurationList = FAB4C0542A4DB45000F074B7 /* Build configuration list for PBXNativeTarget "MovieBlog" */;
			buildPhases = (
				FAB4C03C2A4DB44F00F074B7 /* Sources */,
				FAB4C03D2A4DB44F00F074B7 /* Frameworks */,
				FAB4C03E2A4DB44F00F074B7 /* Resources */,
			);
			buildRules = (
			);
			dependencies = (
			);
			name = MovieBlog;
			productName = MovieBlog;
			productReference = FAB4C0402A4DB44F00F074B7 /* MovieBlog.app */;
			productType = "com.apple.product-type.application";
		};
/* End PBXNativeTarget section */

/* Begin PBXProject section */
		FAB4C0382A4DB44F00F074B7 /* Project object */ = {
			isa = PBXProject;
			attributes = {
				BuildIndependentTargetsInParallel = 1;
				LastSwiftUpdateCheck = 1430;
				LastUpgradeCheck = 1430;
				TargetAttributes = {
					FAB4C03F2A4DB44F00F074B7 = {
						CreatedOnToolsVersion = 14.3.1;
					};
				};
			};
			buildConfigurationList = FAB4C03B2A4DB44F00F074B7 /* Build configuration list for PBXProject "MovieBlog" */;
			compatibilityVersion = "Xcode 14.0";
			developmentRegion = en;
			hasScannedForEncodings = 0;
			knownRegions = (
				en,
				Base,
			);
			mainGroup = FAB4C0372A4DB44F00F074B7;
			productRefGroup = FAB4C0412A4DB44F00F074B7 /* Products */;
			projectDirPath = "";
			projectRoot = "";
			targets = (
				FAB4C03F2A4DB44F00F074B7 /* MovieBlog */,
			);
		};
/* End PBXProject section */

/* Begin PBXResourcesBuildPhase section */
		FAB4C03E2A4DB44F00F074B7 /* Resources */ = {
			isa = PBXResourcesBuildPhase;
			buildActionMask = 2147483647;
			files = (
				FAB4C0502A4DB45000F074B7 /* LaunchScreen.storyboard in Resources */,
				FAB4C04D2A4DB45000F074B7 /* Assets.xcassets in Resources */,
			);
			runOnlyForDeploymentPostprocessing = 0;
		};
/* End PBXResourcesBuildPhase section */

/* Begin PBXSourcesBuildPhase section */
		FAB4C03C2A4DB44F00F074B7 /* Sources */ = {
			isa = PBXSourcesBuildPhase;
			buildActionMask = 2147483647;
			files = (
				FAB4C0482A4DB44F00F074B7 /* ViewController.swift in Sources */,
				FAB4C0662A4DC8F900F074B7 /* MainRouter.swift in Sources */,
				FAB4C0442A4DB44F00F074B7 /* AppDelegate.swift in Sources */,
				FAB4C07A2A4DDE3000F074B7 /* DetailAssembly.swift in Sources */,
				FAB4C0742A4DDE1600F074B7 /* DetailView.swift in Sources */,
				FAB4C0462A4DB44F00F074B7 /* SceneDelegate.swift in Sources */,
				FAB4C07E2A4DDEDE00F074B7 /* DetailInteractor.swift in Sources */,
				FAB4C0612A4DC8C300F074B7 /* MainView.swift in Sources */,
				FAB4C0632A4DC8E400F074B7 /* MainAssembly.swift in Sources */,
				FAB4C05F2A4DC89500F074B7 /* MainProtocols.swift in Sources */,
				FAB4C0682A4DC9A400F074B7 /* MainInteractor.swift in Sources */,
				FAB4C07C2A4DDE3900F074B7 /* DetailProtocols.swift in Sources */,
				FAB4C0782A4DDE2700F074B7 /* DetailRouter.swift in Sources */,
				FAB4C0762A4DDE1F00F074B7 /* DetailViewModel.swift in Sources */,
				FAB4C06A2A4DCA7D00F074B7 /* MainViewModel.swift in Sources */,
			);
			runOnlyForDeploymentPostprocessing = 0;
		};
/* End PBXSourcesBuildPhase section */

/* Begin PBXVariantGroup section */
		FAB4C04E2A4DB45000F074B7 /* LaunchScreen.storyboard */ = {
			isa = PBXVariantGroup;
			children = (
				FAB4C04F2A4DB45000F074B7 /* Base */,
			);
			name = LaunchScreen.storyboard;
			sourceTree = "<group>";
		};
/* End PBXVariantGroup section */

/* Begin XCBuildConfiguration section */
		FAB4C0522A4DB45000F074B7 /* Debug */ = {
			isa = XCBuildConfiguration;
			buildSettings = {
				ALWAYS_SEARCH_USER_PATHS = NO;
				CLANG_ANALYZER_NONNULL = YES;
				CLANG_ANALYZER_NUMBER_OBJECT_CONVERSION = YES_AGGRESSIVE;
				CLANG_CXX_LANGUAGE_STANDARD = "gnu++20";
				CLANG_ENABLE_MODULES = YES;
				CLANG_ENABLE_OBJC_ARC = YES;
				CLANG_ENABLE_OBJC_WEAK = YES;
				CLANG_WARN_BLOCK_CAPTURE_AUTORELEASING = YES;
				CLANG_WARN_BOOL_CONVERSION = YES;
				CLANG_WARN_COMMA = YES;
				CLANG_WARN_CONSTANT_CONVERSION = YES;
				CLANG_WARN_DEPRECATED_OBJC_IMPLEMENTATIONS = YES;
				CLANG_WARN_DIRECT_OBJC_ISA_USAGE = YES_ERROR;
				CLANG_WARN_DOCUMENTATION_COMMENTS = YES;
				CLANG_WARN_EMPTY_BODY = YES;
				CLANG_WARN_ENUM_CONVERSION = YES;
				CLANG_WARN_INFINITE_RECURSION = YES;
				CLANG_WARN_INT_CONVERSION = YES;
				CLANG_WARN_NON_LITERAL_NULL_CONVERSION = YES;
				CLANG_WARN_OBJC_IMPLICIT_RETAIN_SELF = YES;
				CLANG_WARN_OBJC_LITERAL_CONVERSION = YES;
				CLANG_WARN_OBJC_ROOT_CLASS = YES_ERROR;
				CLANG_WARN_QUOTED_INCLUDE_IN_FRAMEWORK_HEADER = YES;
				CLANG_WARN_RANGE_LOOP_ANALYSIS = YES;
				CLANG_WARN_STRICT_PROTOTYPES = YES;
				CLANG_WARN_SUSPICIOUS_MOVE = YES;
				CLANG_WARN_UNGUARDED_AVAILABILITY = YES_AGGRESSIVE;
				CLANG_WARN_UNREACHABLE_CODE = YES;
				CLANG_WARN__DUPLICATE_METHOD_MATCH = YES;
				COPY_PHASE_STRIP = NO;
				DEBUG_INFORMATION_FORMAT = dwarf;
				ENABLE_STRICT_OBJC_MSGSEND = YES;
				ENABLE_TESTABILITY = YES;
				GCC_C_LANGUAGE_STANDARD = gnu11;
				GCC_DYNAMIC_NO_PIC = NO;
				GCC_NO_COMMON_BLOCKS = YES;
				GCC_OPTIMIZATION_LEVEL = 0;
				GCC_PREPROCESSOR_DEFINITIONS = (
					"DEBUG=1",
					"$(inherited)",
				);
				GCC_WARN_64_TO_32_BIT_CONVERSION = YES;
				GCC_WARN_ABOUT_RETURN_TYPE = YES_ERROR;
				GCC_WARN_UNDECLARED_SELECTOR = YES;
				GCC_WARN_UNINITIALIZED_AUTOS = YES_AGGRESSIVE;
				GCC_WARN_UNUSED_FUNCTION = YES;
				GCC_WARN_UNUSED_VARIABLE = YES;
				IPHONEOS_DEPLOYMENT_TARGET = 16.4;
				MTL_ENABLE_DEBUG_INFO = INCLUDE_SOURCE;
				MTL_FAST_MATH = YES;
				ONLY_ACTIVE_ARCH = YES;
				SDKROOT = iphoneos;
				SWIFT_ACTIVE_COMPILATION_CONDITIONS = DEBUG;
				SWIFT_OPTIMIZATION_LEVEL = "-Onone";
			};
			name = Debug;
		};
		FAB4C0532A4DB45000F074B7 /* Release */ = {
			isa = XCBuildConfiguration;
			buildSettings = {
				ALWAYS_SEARCH_USER_PATHS = NO;
				CLANG_ANALYZER_NONNULL = YES;
				CLANG_ANALYZER_NUMBER_OBJECT_CONVERSION = YES_AGGRESSIVE;
				CLANG_CXX_LANGUAGE_STANDARD = "gnu++20";
				CLANG_ENABLE_MODULES = YES;
				CLANG_ENABLE_OBJC_ARC = YES;
				CLANG_ENABLE_OBJC_WEAK = YES;
				CLANG_WARN_BLOCK_CAPTURE_AUTORELEASING = YES;
				CLANG_WARN_BOOL_CONVERSION = YES;
				CLANG_WARN_COMMA = YES;
				CLANG_WARN_CONSTANT_CONVERSION = YES;
				CLANG_WARN_DEPRECATED_OBJC_IMPLEMENTATIONS = YES;
				CLANG_WARN_DIRECT_OBJC_ISA_USAGE = YES_ERROR;
				CLANG_WARN_DOCUMENTATION_COMMENTS = YES;
				CLANG_WARN_EMPTY_BODY = YES;
				CLANG_WARN_ENUM_CONVERSION = YES;
				CLANG_WARN_INFINITE_RECURSION = YES;
				CLANG_WARN_INT_CONVERSION = YES;
				CLANG_WARN_NON_LITERAL_NULL_CONVERSION = YES;
				CLANG_WARN_OBJC_IMPLICIT_RETAIN_SELF = YES;
				CLANG_WARN_OBJC_LITERAL_CONVERSION = YES;
				CLANG_WARN_OBJC_ROOT_CLASS = YES_ERROR;
				CLANG_WARN_QUOTED_INCLUDE_IN_FRAMEWORK_HEADER = YES;
				CLANG_WARN_RANGE_LOOP_ANALYSIS = YES;
				CLANG_WARN_STRICT_PROTOTYPES = YES;
				CLANG_WARN_SUSPICIOUS_MOVE = YES;
				CLANG_WARN_UNGUARDED_AVAILABILITY = YES_AGGRESSIVE;
				CLANG_WARN_UNREACHABLE_CODE = YES;
				CLANG_WARN__DUPLICATE_METHOD_MATCH = YES;
				COPY_PHASE_STRIP = NO;
				DEBUG_INFORMATION_FORMAT = "dwarf-with-dsym";
				ENABLE_NS_ASSERTIONS = NO;
				ENABLE_STRICT_OBJC_MSGSEND = YES;
				GCC_C_LANGUAGE_STANDARD = gnu11;
				GCC_NO_COMMON_BLOCKS = YES;
				GCC_WARN_64_TO_32_BIT_CONVERSION = YES;
				GCC_WARN_ABOUT_RETURN_TYPE = YES_ERROR;
				GCC_WARN_UNDECLARED_SELECTOR = YES;
				GCC_WARN_UNINITIALIZED_AUTOS = YES_AGGRESSIVE;
				GCC_WARN_UNUSED_FUNCTION = YES;
				GCC_WARN_UNUSED_VARIABLE = YES;
				IPHONEOS_DEPLOYMENT_TARGET = 16.4;
				MTL_ENABLE_DEBUG_INFO = NO;
				MTL_FAST_MATH = YES;
				SDKROOT = iphoneos;
				SWIFT_COMPILATION_MODE = wholemodule;
				SWIFT_OPTIMIZATION_LEVEL = "-O";
				VALIDATE_PRODUCT = YES;
			};
			name = Release;
		};
		FAB4C0552A4DB45000F074B7 /* Debug */ = {
			isa = XCBuildConfiguration;
			buildSettings = {
				ASSETCATALOG_COMPILER_APPICON_NAME = AppIcon;
				ASSETCATALOG_COMPILER_GLOBAL_ACCENT_COLOR_NAME = AccentColor;
				CODE_SIGN_STYLE = Automatic;
				CURRENT_PROJECT_VERSION = 1;
				DEVELOPMENT_TEAM = D4535ALUAL;
				GENERATE_INFOPLIST_FILE = YES;
				INFOPLIST_FILE = MovieBlog/Configuration/Info.plist;
				INFOPLIST_KEY_UIApplicationSupportsIndirectInputEvents = YES;
				INFOPLIST_KEY_UILaunchStoryboardName = LaunchScreen.storyboard;
				INFOPLIST_KEY_UISupportedInterfaceOrientations_iPad = "UIInterfaceOrientationPortrait UIInterfaceOrientationPortraitUpsideDown UIInterfaceOrientationLandscapeLeft UIInterfaceOrientationLandscapeRight";
				INFOPLIST_KEY_UISupportedInterfaceOrientations_iPhone = "UIInterfaceOrientationPortrait UIInterfaceOrientationLandscapeLeft UIInterfaceOrientationLandscapeRight";
				LD_RUNPATH_SEARCH_PATHS = (
					"$(inherited)",
					"@executable_path/Frameworks",
				);
				MARKETING_VERSION = 1.0;
				PRODUCT_BUNDLE_IDENTIFIER = pepikYan.MovieBlog;
				PRODUCT_NAME = "$(TARGET_NAME)";
				SWIFT_EMIT_LOC_STRINGS = YES;
				SWIFT_VERSION = 5.0;
				TARGETED_DEVICE_FAMILY = "1,2";
			};
			name = Debug;
		};
		FAB4C0562A4DB45000F074B7 /* Release */ = {
			isa = XCBuildConfiguration;
			buildSettings = {
				ASSETCATALOG_COMPILER_APPICON_NAME = AppIcon;
				ASSETCATALOG_COMPILER_GLOBAL_ACCENT_COLOR_NAME = AccentColor;
				CODE_SIGN_STYLE = Automatic;
				CURRENT_PROJECT_VERSION = 1;
				DEVELOPMENT_TEAM = D4535ALUAL;
				GENERATE_INFOPLIST_FILE = YES;
				INFOPLIST_FILE = MovieBlog/Configuration/Info.plist;
				INFOPLIST_KEY_UIApplicationSupportsIndirectInputEvents = YES;
				INFOPLIST_KEY_UILaunchStoryboardName = LaunchScreen.storyboard;
				INFOPLIST_KEY_UISupportedInterfaceOrientations_iPad = "UIInterfaceOrientationPortrait UIInterfaceOrientationPortraitUpsideDown UIInterfaceOrientationLandscapeLeft UIInterfaceOrientationLandscapeRight";
				INFOPLIST_KEY_UISupportedInterfaceOrientations_iPhone = "UIInterfaceOrientationPortrait UIInterfaceOrientationLandscapeLeft UIInterfaceOrientationLandscapeRight";
				LD_RUNPATH_SEARCH_PATHS = (
					"$(inherited)",
					"@executable_path/Frameworks",
				);
				MARKETING_VERSION = 1.0;
				PRODUCT_BUNDLE_IDENTIFIER = pepikYan.MovieBlog;
				PRODUCT_NAME = "$(TARGET_NAME)";
				SWIFT_EMIT_LOC_STRINGS = YES;
				SWIFT_VERSION = 5.0;
				TARGETED_DEVICE_FAMILY = "1,2";
			};
			name = Release;
		};
/* End XCBuildConfiguration section */

/* Begin XCConfigurationList section */
		FAB4C03B2A4DB44F00F074B7 /* Build configuration list for PBXProject "MovieBlog" */ = {
			isa = XCConfigurationList;
			buildConfigurations = (
				FAB4C0522A4DB45000F074B7 /* Debug */,
				FAB4C0532A4DB45000F074B7 /* Release */,
			);
			defaultConfigurationIsVisible = 0;
			defaultConfigurationName = Release;
		};
		FAB4C0542A4DB45000F074B7 /* Build configuration list for PBXNativeTarget "MovieBlog" */ = {
			isa = XCConfigurationList;
			buildConfigurations = (
				FAB4C0552A4DB45000F074B7 /* Debug */,
				FAB4C0562A4DB45000F074B7 /* Release */,
			);
			defaultConfigurationIsVisible = 0;
			defaultConfigurationName = Release;
		};
/* End XCConfigurationList section */
	};
	rootObject = FAB4C0382A4DB44F00F074B7 /* Project object */;
}
