// !$*UTF8*$!
{
	archiveVersion = 1;
	classes = {
	};
	objectVersion = 56;
	objects = {

/* Begin PBXBuildFile section */
		FA29479C2A543BDC00677548 /* NetworkService.swift in Sources */ = {isa = PBXBuildFile; fileRef = FA29479B2A543BDC00677548 /* NetworkService.swift */; };
		FA2947A32A545AE200677548 /* RequestMethod.swift in Sources */ = {isa = PBXBuildFile; fileRef = FA2947A22A545AE200677548 /* RequestMethod.swift */; };
		FA2947A52A545B3100677548 /* Request.swift in Sources */ = {isa = PBXBuildFile; fileRef = FA2947A42A545B3100677548 /* Request.swift */; };
		FA2947A72A545B7E00677548 /* EndpointProtocol.swift in Sources */ = {isa = PBXBuildFile; fileRef = FA2947A62A545B7E00677548 /* EndpointProtocol.swift */; };
		FA2947A92A545C7600677548 /* Response.swift in Sources */ = {isa = PBXBuildFile; fileRef = FA2947A82A545C7600677548 /* Response.swift */; };
		FA2968502A55933D005F8102 /* NetworkError.swift in Sources */ = {isa = PBXBuildFile; fileRef = FA29684F2A55933D005F8102 /* NetworkError.swift */; };
		FA31886D2A78594F0009A011 /* MainViewModelProtocol.swift in Sources */ = {isa = PBXBuildFile; fileRef = FA31886C2A78594F0009A011 /* MainViewModelProtocol.swift */; };
		FA31886F2A78597F0009A011 /* MainBusinessLogic.swift in Sources */ = {isa = PBXBuildFile; fileRef = FA31886E2A78597F0009A011 /* MainBusinessLogic.swift */; };
		FA3188712A7C08170009A011 /* MainItems.swift in Sources */ = {isa = PBXBuildFile; fileRef = FA3188702A7C08170009A011 /* MainItems.swift */; };
		FA51372C2A52E8C1008A52CB /* RouterProtocol.swift in Sources */ = {isa = PBXBuildFile; fileRef = FA51372B2A52E8C1008A52CB /* RouterProtocol.swift */; };
		FA51372F2A52E8F5008A52CB /* AssemblyProtocol.swift in Sources */ = {isa = PBXBuildFile; fileRef = FA51372E2A52E8F5008A52CB /* AssemblyProtocol.swift */; };
		FA87221D2A5BFA9200113AED /* Endpoint.swift in Sources */ = {isa = PBXBuildFile; fileRef = FA87221C2A5BFA9200113AED /* Endpoint.swift */; };
		FA8722232A5C004A00113AED /* MainModels.swift in Sources */ = {isa = PBXBuildFile; fileRef = FA8722222A5C004A00113AED /* MainModels.swift */; };
		FA8722262A5C018700113AED /* MainViewModel + Extension.swift in Sources */ = {isa = PBXBuildFile; fileRef = FA8722252A5C018700113AED /* MainViewModel + Extension.swift */; };
		FAA5B7FB2A6FE55D00A171B7 /* NetworkConstants.swift in Sources */ = {isa = PBXBuildFile; fileRef = FAA5B7FA2A6FE55D00A171B7 /* NetworkConstants.swift */; };
		FAA5B7FD2A6FE64F00A171B7 /* NetworkServiceProtocol.swift in Sources */ = {isa = PBXBuildFile; fileRef = FAA5B7FC2A6FE64F00A171B7 /* NetworkServiceProtocol.swift */; };
		FAB4C0442A4DB44F00F074B7 /* AppDelegate.swift in Sources */ = {isa = PBXBuildFile; fileRef = FAB4C0432A4DB44F00F074B7 /* AppDelegate.swift */; };
		FAB4C0462A4DB44F00F074B7 /* SceneDelegate.swift in Sources */ = {isa = PBXBuildFile; fileRef = FAB4C0452A4DB44F00F074B7 /* SceneDelegate.swift */; };
		FAB4C04D2A4DB45000F074B7 /* Assets.xcassets in Resources */ = {isa = PBXBuildFile; fileRef = FAB4C04C2A4DB45000F074B7 /* Assets.xcassets */; };
		FAB4C0502A4DB45000F074B7 /* LaunchScreen.storyboard in Resources */ = {isa = PBXBuildFile; fileRef = FAB4C04E2A4DB45000F074B7 /* LaunchScreen.storyboard */; };
		FAB4C05F2A4DC89500F074B7 /* MainScreenDelegate.swift in Sources */ = {isa = PBXBuildFile; fileRef = FAB4C05E2A4DC89400F074B7 /* MainScreenDelegate.swift */; };
		FAB4C0612A4DC8C300F074B7 /* MainView.swift in Sources */ = {isa = PBXBuildFile; fileRef = FAB4C0602A4DC8C300F074B7 /* MainView.swift */; };
		FAB4C0682A4DC9A400F074B7 /* MainInteractor.swift in Sources */ = {isa = PBXBuildFile; fileRef = FAB4C0672A4DC9A400F074B7 /* MainInteractor.swift */; };
		FAB4C06A2A4DCA7D00F074B7 /* MainViewModel.swift in Sources */ = {isa = PBXBuildFile; fileRef = FAB4C0692A4DCA7D00F074B7 /* MainViewModel.swift */; };
		FAB4C0742A4DDE1600F074B7 /* DetailView.swift in Sources */ = {isa = PBXBuildFile; fileRef = FAB4C0732A4DDE1600F074B7 /* DetailView.swift */; };
		FAB4C0762A4DDE1F00F074B7 /* DetailViewModel.swift in Sources */ = {isa = PBXBuildFile; fileRef = FAB4C0752A4DDE1F00F074B7 /* DetailViewModel.swift */; };
		FAB4C07C2A4DDE3900F074B7 /* DetailProtocols.swift in Sources */ = {isa = PBXBuildFile; fileRef = FAB4C07B2A4DDE3900F074B7 /* DetailProtocols.swift */; };
		FAB4C07E2A4DDEDE00F074B7 /* DetailInteractor.swift in Sources */ = {isa = PBXBuildFile; fileRef = FAB4C07D2A4DDEDE00F074B7 /* DetailInteractor.swift */; };
		FAB4C0812A4EDC9600F074B7 /* Router.swift in Sources */ = {isa = PBXBuildFile; fileRef = FAB4C0802A4EDC9600F074B7 /* Router.swift */; };
		FAB4C0832A4EDCA500F074B7 /* Assembly.swift in Sources */ = {isa = PBXBuildFile; fileRef = FAB4C0822A4EDCA500F074B7 /* Assembly.swift */; };
		FAD1B3F72A72992800F10ED6 /* TrendingMoviesDTO.swift in Sources */ = {isa = PBXBuildFile; fileRef = FAD1B3F62A72992800F10ED6 /* TrendingMoviesDTO.swift */; };
		FAD1B3FA2A72B32200F10ED6 /* Spinner.swift in Sources */ = {isa = PBXBuildFile; fileRef = FAD1B3F92A72B32200F10ED6 /* Spinner.swift */; };
/* End PBXBuildFile section */

/* Begin PBXFileReference section */
		FA29479B2A543BDC00677548 /* NetworkService.swift */ = {isa = PBXFileReference; lastKnownFileType = sourcecode.swift; path = NetworkService.swift; sourceTree = "<group>"; };
		FA2947A22A545AE200677548 /* RequestMethod.swift */ = {isa = PBXFileReference; lastKnownFileType = sourcecode.swift; path = RequestMethod.swift; sourceTree = "<group>"; };
		FA2947A42A545B3100677548 /* Request.swift */ = {isa = PBXFileReference; lastKnownFileType = sourcecode.swift; path = Request.swift; sourceTree = "<group>"; };
		FA2947A62A545B7E00677548 /* EndpointProtocol.swift */ = {isa = PBXFileReference; lastKnownFileType = sourcecode.swift; path = EndpointProtocol.swift; sourceTree = "<group>"; };
		FA2947A82A545C7600677548 /* Response.swift */ = {isa = PBXFileReference; lastKnownFileType = sourcecode.swift; path = Response.swift; sourceTree = "<group>"; };
		FA29684F2A55933D005F8102 /* NetworkError.swift */ = {isa = PBXFileReference; lastKnownFileType = sourcecode.swift; path = NetworkError.swift; sourceTree = "<group>"; };
		FA31886C2A78594F0009A011 /* MainViewModelProtocol.swift */ = {isa = PBXFileReference; lastKnownFileType = sourcecode.swift; path = MainViewModelProtocol.swift; sourceTree = "<group>"; };
		FA31886E2A78597F0009A011 /* MainBusinessLogic.swift */ = {isa = PBXFileReference; lastKnownFileType = sourcecode.swift; path = MainBusinessLogic.swift; sourceTree = "<group>"; };
		FA3188702A7C08170009A011 /* MainItems.swift */ = {isa = PBXFileReference; lastKnownFileType = sourcecode.swift; path = MainItems.swift; sourceTree = "<group>"; };
		FA51372B2A52E8C1008A52CB /* RouterProtocol.swift */ = {isa = PBXFileReference; lastKnownFileType = sourcecode.swift; path = RouterProtocol.swift; sourceTree = "<group>"; };
		FA51372E2A52E8F5008A52CB /* AssemblyProtocol.swift */ = {isa = PBXFileReference; lastKnownFileType = sourcecode.swift; path = AssemblyProtocol.swift; sourceTree = "<group>"; };
		FA87221C2A5BFA9200113AED /* Endpoint.swift */ = {isa = PBXFileReference; lastKnownFileType = sourcecode.swift; path = Endpoint.swift; sourceTree = "<group>"; };
		FA8722222A5C004A00113AED /* MainModels.swift */ = {isa = PBXFileReference; lastKnownFileType = sourcecode.swift; path = MainModels.swift; sourceTree = "<group>"; };
		FA8722252A5C018700113AED /* MainViewModel + Extension.swift */ = {isa = PBXFileReference; lastKnownFileType = sourcecode.swift; path = "MainViewModel + Extension.swift"; sourceTree = "<group>"; };
		FAA5B7FA2A6FE55D00A171B7 /* NetworkConstants.swift */ = {isa = PBXFileReference; lastKnownFileType = sourcecode.swift; path = NetworkConstants.swift; sourceTree = "<group>"; };
		FAA5B7FC2A6FE64F00A171B7 /* NetworkServiceProtocol.swift */ = {isa = PBXFileReference; lastKnownFileType = sourcecode.swift; path = NetworkServiceProtocol.swift; sourceTree = "<group>"; };
		FAB4C0402A4DB44F00F074B7 /* MovieBlog.app */ = {isa = PBXFileReference; explicitFileType = wrapper.application; includeInIndex = 0; path = MovieBlog.app; sourceTree = BUILT_PRODUCTS_DIR; };
		FAB4C0432A4DB44F00F074B7 /* AppDelegate.swift */ = {isa = PBXFileReference; lastKnownFileType = sourcecode.swift; path = AppDelegate.swift; sourceTree = "<group>"; };
		FAB4C0452A4DB44F00F074B7 /* SceneDelegate.swift */ = {isa = PBXFileReference; lastKnownFileType = sourcecode.swift; path = SceneDelegate.swift; sourceTree = "<group>"; };
		FAB4C04C2A4DB45000F074B7 /* Assets.xcassets */ = {isa = PBXFileReference; lastKnownFileType = folder.assetcatalog; path = Assets.xcassets; sourceTree = "<group>"; };
		FAB4C04F2A4DB45000F074B7 /* Base */ = {isa = PBXFileReference; lastKnownFileType = file.storyboard; name = Base; path = Base.lproj/LaunchScreen.storyboard; sourceTree = "<group>"; };
		FAB4C0512A4DB45000F074B7 /* Info.plist */ = {isa = PBXFileReference; lastKnownFileType = text.plist.xml; path = Info.plist; sourceTree = "<group>"; };
		FAB4C05E2A4DC89400F074B7 /* MainScreenDelegate.swift */ = {isa = PBXFileReference; lastKnownFileType = sourcecode.swift; path = MainScreenDelegate.swift; sourceTree = "<group>"; };
		FAB4C0602A4DC8C300F074B7 /* MainView.swift */ = {isa = PBXFileReference; lastKnownFileType = sourcecode.swift; path = MainView.swift; sourceTree = "<group>"; };
		FAB4C0672A4DC9A400F074B7 /* MainInteractor.swift */ = {isa = PBXFileReference; lastKnownFileType = sourcecode.swift; path = MainInteractor.swift; sourceTree = "<group>"; };
		FAB4C0692A4DCA7D00F074B7 /* MainViewModel.swift */ = {isa = PBXFileReference; lastKnownFileType = sourcecode.swift; path = MainViewModel.swift; sourceTree = "<group>"; };
		FAB4C0732A4DDE1600F074B7 /* DetailView.swift */ = {isa = PBXFileReference; lastKnownFileType = sourcecode.swift; path = DetailView.swift; sourceTree = "<group>"; };
		FAB4C0752A4DDE1F00F074B7 /* DetailViewModel.swift */ = {isa = PBXFileReference; lastKnownFileType = sourcecode.swift; path = DetailViewModel.swift; sourceTree = "<group>"; };
		FAB4C07B2A4DDE3900F074B7 /* DetailProtocols.swift */ = {isa = PBXFileReference; lastKnownFileType = sourcecode.swift; path = DetailProtocols.swift; sourceTree = "<group>"; };
		FAB4C07D2A4DDEDE00F074B7 /* DetailInteractor.swift */ = {isa = PBXFileReference; lastKnownFileType = sourcecode.swift; path = DetailInteractor.swift; sourceTree = "<group>"; };
		FAB4C0802A4EDC9600F074B7 /* Router.swift */ = {isa = PBXFileReference; lastKnownFileType = sourcecode.swift; path = Router.swift; sourceTree = "<group>"; };
		FAB4C0822A4EDCA500F074B7 /* Assembly.swift */ = {isa = PBXFileReference; lastKnownFileType = sourcecode.swift; path = Assembly.swift; sourceTree = "<group>"; };
		FAD1B3F62A72992800F10ED6 /* TrendingMoviesDTO.swift */ = {isa = PBXFileReference; lastKnownFileType = sourcecode.swift; path = TrendingMoviesDTO.swift; sourceTree = "<group>"; };
		FAD1B3F92A72B32200F10ED6 /* Spinner.swift */ = {isa = PBXFileReference; lastKnownFileType = sourcecode.swift; path = Spinner.swift; sourceTree = "<group>"; };
/* End PBXFileReference section */

/* Begin PBXFrameworksBuildPhase section */
		FAB4C03D2A4DB44F00F074B7 /* Frameworks */ = {
			isa = PBXFrameworksBuildPhase;
			buildActionMask = 2147483647;
			files = (
			);
			runOnlyForDeploymentPostprocessing = 0;
		};
/* End PBXFrameworksBuildPhase section */

/* Begin PBXGroup section */
		FA2947982A543B7900677548 /* Services */ = {
			isa = PBXGroup;
			children = (
				FA2947A12A543C1200677548 /* Network */,
			);
			path = Services;
			sourceTree = "<group>";
		};
		FA2947A12A543C1200677548 /* Network */ = {
			isa = PBXGroup;
			children = (
				FAA5B7FE2A6FE91900A171B7 /* NetworkService */,
				FAA5B7FA2A6FE55D00A171B7 /* NetworkConstants.swift */,
				FA2947A22A545AE200677548 /* RequestMethod.swift */,
				FA2947A42A545B3100677548 /* Request.swift */,
				FA2947A82A545C7600677548 /* Response.swift */,
				FA2947A62A545B7E00677548 /* EndpointProtocol.swift */,
				FA29684F2A55933D005F8102 /* NetworkError.swift */,
			);
			path = Network;
			sourceTree = "<group>";
		};
		FA51372A2A52E8B1008A52CB /* Router */ = {
			isa = PBXGroup;
			children = (
				FAB4C0802A4EDC9600F074B7 /* Router.swift */,
				FA51372B2A52E8C1008A52CB /* RouterProtocol.swift */,
			);
			path = Router;
			sourceTree = "<group>";
		};
		FA51372D2A52E8E3008A52CB /* Assembly */ = {
			isa = PBXGroup;
			children = (
				FAB4C0822A4EDCA500F074B7 /* Assembly.swift */,
				FA51372E2A52E8F5008A52CB /* AssemblyProtocol.swift */,
			);
			path = Assembly;
			sourceTree = "<group>";
		};
		FA8722202A5BFF5300113AED /* Model */ = {
			isa = PBXGroup;
			children = (
				FAB4C0672A4DC9A400F074B7 /* MainInteractor.swift */,
				FA87221C2A5BFA9200113AED /* Endpoint.swift */,
				FA8722222A5C004A00113AED /* MainModels.swift */,
				FAD1B3F62A72992800F10ED6 /* TrendingMoviesDTO.swift */,
				FA31886E2A78597F0009A011 /* MainBusinessLogic.swift */,
			);
			path = Model;
			sourceTree = "<group>";
		};
		FA8722212A5BFF5C00113AED /* ViewModel */ = {
			isa = PBXGroup;
			children = (
				FAB4C0692A4DCA7D00F074B7 /* MainViewModel.swift */,
				FA3188702A7C08170009A011 /* MainItems.swift */,
				FA8722252A5C018700113AED /* MainViewModel + Extension.swift */,
				FA31886C2A78594F0009A011 /* MainViewModelProtocol.swift */,
			);
			path = ViewModel;
			sourceTree = "<group>";
		};
		FAA5B7FE2A6FE91900A171B7 /* NetworkService */ = {
			isa = PBXGroup;
			children = (
				FA29479B2A543BDC00677548 /* NetworkService.swift */,
				FAA5B7FC2A6FE64F00A171B7 /* NetworkServiceProtocol.swift */,
			);
			path = NetworkService;
			sourceTree = "<group>";
		};
		FAB4C0372A4DB44F00F074B7 = {
			isa = PBXGroup;
			children = (
				FAB4C0422A4DB44F00F074B7 /* MovieBlog */,
				FAB4C0412A4DB44F00F074B7 /* Products */,
			);
			sourceTree = "<group>";
		};
		FAB4C0412A4DB44F00F074B7 /* Products */ = {
			isa = PBXGroup;
			children = (
				FAB4C0402A4DB44F00F074B7 /* MovieBlog.app */,
			);
			name = Products;
			sourceTree = "<group>";
		};
		FAB4C0422A4DB44F00F074B7 /* MovieBlog */ = {
			isa = PBXGroup;
			children = (
				FAD1B3F82A72B31100F10ED6 /* Components */,
				FA2947982A543B7900677548 /* Services */,
				FAB4C0572A4DB5B400F074B7 /* Application */,
				FAB4C0592A4DB6E100F074B7 /* Configuration */,
				FAB4C0582A4DB5E400F074B7 /* Resources */,
				FAB4C05A2A4DB86600F074B7 /* Screens */,
			);
			path = MovieBlog;
			sourceTree = "<group>";
		};
		FAB4C0572A4DB5B400F074B7 /* Application */ = {
			isa = PBXGroup;
			children = (
				FAB4C0432A4DB44F00F074B7 /* AppDelegate.swift */,
				FAB4C0452A4DB44F00F074B7 /* SceneDelegate.swift */,
				FA51372D2A52E8E3008A52CB /* Assembly */,
				FA51372A2A52E8B1008A52CB /* Router */,
			);
			path = Application;
			sourceTree = "<group>";
		};
		FAB4C0582A4DB5E400F074B7 /* Resources */ = {
			isa = PBXGroup;
			children = (
				FAB4C04C2A4DB45000F074B7 /* Assets.xcassets */,
				FAB4C04E2A4DB45000F074B7 /* LaunchScreen.storyboard */,
			);
			path = Resources;
			sourceTree = "<group>";
		};
		FAB4C0592A4DB6E100F074B7 /* Configuration */ = {
			isa = PBXGroup;
			children = (
				FAB4C0512A4DB45000F074B7 /* Info.plist */,
			);
			path = Configuration;
			sourceTree = "<group>";
		};
		FAB4C05A2A4DB86600F074B7 /* Screens */ = {
			isa = PBXGroup;
			children = (
				FAB4C0712A4DDDF400F074B7 /* Detail */,
				FAB4C05B2A4DC7DE00F074B7 /* Main */,
			);
			path = Screens;
			sourceTree = "<group>";
		};
		FAB4C05B2A4DC7DE00F074B7 /* Main */ = {
			isa = PBXGroup;
			children = (
				FA8722212A5BFF5C00113AED /* ViewModel */,
				FA8722202A5BFF5300113AED /* Model */,
				FAB4C0602A4DC8C300F074B7 /* MainView.swift */,
				FAB4C05E2A4DC89400F074B7 /* MainScreenDelegate.swift */,
			);
			path = Main;
			sourceTree = "<group>";
		};
		FAB4C0712A4DDDF400F074B7 /* Detail */ = {
			isa = PBXGroup;
			children = (
				FAB4C0732A4DDE1600F074B7 /* DetailView.swift */,
				FAB4C0752A4DDE1F00F074B7 /* DetailViewModel.swift */,
				FAB4C07B2A4DDE3900F074B7 /* DetailProtocols.swift */,
				FAB4C07D2A4DDEDE00F074B7 /* DetailInteractor.swift */,
			);
			path = Detail;
			sourceTree = "<group>";
		};
		FAD1B3F82A72B31100F10ED6 /* Components */ = {
			isa = PBXGroup;
			children = (
				FAD1B3F92A72B32200F10ED6 /* Spinner.swift */,
			);
			path = Components;
			sourceTree = "<group>";
		};
/* End PBXGroup section */

/* Begin PBXNativeTarget section */
		FAB4C03F2A4DB44F00F074B7 /* MovieBlog */ = {
			isa = PBXNativeTarget;
			buildConfigurationList = FAB4C0542A4DB45000F074B7 /* Build configuration list for PBXNativeTarget "MovieBlog" */;
			buildPhases = (
				FAB4C03C2A4DB44F00F074B7 /* Sources */,
				FAB4C03D2A4DB44F00F074B7 /* Frameworks */,
				FAB4C03E2A4DB44F00F074B7 /* Resources */,
			);
			buildRules = (
			);
			dependencies = (
			);
			name = MovieBlog;
			productName = MovieBlog;
			productReference = FAB4C0402A4DB44F00F074B7 /* MovieBlog.app */;
			productType = "com.apple.product-type.application";
		};
/* End PBXNativeTarget section */

/* Begin PBXProject section */
		FAB4C0382A4DB44F00F074B7 /* Project object */ = {
			isa = PBXProject;
			attributes = {
				BuildIndependentTargetsInParallel = 1;
				LastSwiftUpdateCheck = 1430;
				LastUpgradeCheck = 1430;
				TargetAttributes = {
					FAB4C03F2A4DB44F00F074B7 = {
						CreatedOnToolsVersion = 14.3.1;
					};
				};
			};
			buildConfigurationList = FAB4C03B2A4DB44F00F074B7 /* Build configuration list for PBXProject "MovieBlog" */;
			compatibilityVersion = "Xcode 14.0";
			developmentRegion = en;
			hasScannedForEncodings = 0;
			knownRegions = (
				en,
				Base,
			);
			mainGroup = FAB4C0372A4DB44F00F074B7;
			productRefGroup = FAB4C0412A4DB44F00F074B7 /* Products */;
			projectDirPath = "";
			projectRoot = "";
			targets = (
				FAB4C03F2A4DB44F00F074B7 /* MovieBlog */,
			);
		};
/* End PBXProject section */

/* Begin PBXResourcesBuildPhase section */
		FAB4C03E2A4DB44F00F074B7 /* Resources */ = {
			isa = PBXResourcesBuildPhase;
			buildActionMask = 2147483647;
			files = (
				FAB4C0502A4DB45000F074B7 /* LaunchScreen.storyboard in Resources */,
				FAB4C04D2A4DB45000F074B7 /* Assets.xcassets in Resources */,
			);
			runOnlyForDeploymentPostprocessing = 0;
		};
/* End PBXResourcesBuildPhase section */

/* Begin PBXSourcesBuildPhase section */
		FAB4C03C2A4DB44F00F074B7 /* Sources */ = {
			isa = PBXSourcesBuildPhase;
			buildActionMask = 2147483647;
			files = (
				FAB4C0442A4DB44F00F074B7 /* AppDelegate.swift in Sources */,
				FAD1B3FA2A72B32200F10ED6 /* Spinner.swift in Sources */,
				FAB4C0742A4DDE1600F074B7 /* DetailView.swift in Sources */,
				FA2968502A55933D005F8102 /* NetworkError.swift in Sources */,
				FAB4C0462A4DB44F00F074B7 /* SceneDelegate.swift in Sources */,
				FA31886D2A78594F0009A011 /* MainViewModelProtocol.swift in Sources */,
				FAB4C07E2A4DDEDE00F074B7 /* DetailInteractor.swift in Sources */,
				FA31886F2A78597F0009A011 /* MainBusinessLogic.swift in Sources */,
				FAB4C0612A4DC8C300F074B7 /* MainView.swift in Sources */,
				FAB4C0812A4EDC9600F074B7 /* Router.swift in Sources */,
				FAD1B3F72A72992800F10ED6 /* TrendingMoviesDTO.swift in Sources */,
				FA2947A72A545B7E00677548 /* EndpointProtocol.swift in Sources */,
				FAB4C0832A4EDCA500F074B7 /* Assembly.swift in Sources */,
				FA51372F2A52E8F5008A52CB /* AssemblyProtocol.swift in Sources */,
				FAB4C05F2A4DC89500F074B7 /* MainScreenDelegate.swift in Sources */,
				FA51372C2A52E8C1008A52CB /* RouterProtocol.swift in Sources */,
				FAA5B7FB2A6FE55D00A171B7 /* NetworkConstants.swift in Sources */,
				FAB4C0682A4DC9A400F074B7 /* MainInteractor.swift in Sources */,
				FAB4C07C2A4DDE3900F074B7 /* DetailProtocols.swift in Sources */,
				FA2947A32A545AE200677548 /* RequestMethod.swift in Sources */,
				FA8722232A5C004A00113AED /* MainModels.swift in Sources */,
				FA29479C2A543BDC00677548 /* NetworkService.swift in Sources */,
				FAB4C0762A4DDE1F00F074B7 /* DetailViewModel.swift in Sources */,
				FA3188712A7C08170009A011 /* MainItems.swift in Sources */,
				FA8722262A5C018700113AED /* MainViewModel + Extension.swift in Sources */,
				FA2947A92A545C7600677548 /* Response.swift in Sources */,
				FA2947A52A545B3100677548 /* Request.swift in Sources */,
				FA87221D2A5BFA9200113AED /* Endpoint.swift in Sources */,
				FAA5B7FD2A6FE64F00A171B7 /* NetworkServiceProtocol.swift in Sources */,
				FAB4C06A2A4DCA7D00F074B7 /* MainViewModel.swift in Sources */,
			);
			runOnlyForDeploymentPostprocessing = 0;
		};
/* End PBXSourcesBuildPhase section */

/* Begin PBXVariantGroup section */
		FAB4C04E2A4DB45000F074B7 /* LaunchScreen.storyboard */ = {
			isa = PBXVariantGroup;
			children = (
				FAB4C04F2A4DB45000F074B7 /* Base */,
			);
			name = LaunchScreen.storyboard;
			sourceTree = "<group>";
		};
/* End PBXVariantGroup section */

/* Begin XCBuildConfiguration section */
		FAB4C0522A4DB45000F074B7 /* Debug */ = {
			isa = XCBuildConfiguration;
			buildSettings = {
				ALWAYS_SEARCH_USER_PATHS = NO;
				CLANG_ANALYZER_NONNULL = YES;
				CLANG_ANALYZER_NUMBER_OBJECT_CONVERSION = YES_AGGRESSIVE;
				CLANG_CXX_LANGUAGE_STANDARD = "gnu++20";
				CLANG_ENABLE_MODULES = YES;
				CLANG_ENABLE_OBJC_ARC = YES;
				CLANG_ENABLE_OBJC_WEAK = YES;
				CLANG_WARN_BLOCK_CAPTURE_AUTORELEASING = YES;
				CLANG_WARN_BOOL_CONVERSION = YES;
				CLANG_WARN_COMMA = YES;
				CLANG_WARN_CONSTANT_CONVERSION = YES;
				CLANG_WARN_DEPRECATED_OBJC_IMPLEMENTATIONS = YES;
				CLANG_WARN_DIRECT_OBJC_ISA_USAGE = YES_ERROR;
				CLANG_WARN_DOCUMENTATION_COMMENTS = YES;
				CLANG_WARN_EMPTY_BODY = YES;
				CLANG_WARN_ENUM_CONVERSION = YES;
				CLANG_WARN_INFINITE_RECURSION = YES;
				CLANG_WARN_INT_CONVERSION = YES;
				CLANG_WARN_NON_LITERAL_NULL_CONVERSION = YES;
				CLANG_WARN_OBJC_IMPLICIT_RETAIN_SELF = YES;
				CLANG_WARN_OBJC_LITERAL_CONVERSION = YES;
				CLANG_WARN_OBJC_ROOT_CLASS = YES_ERROR;
				CLANG_WARN_QUOTED_INCLUDE_IN_FRAMEWORK_HEADER = YES;
				CLANG_WARN_RANGE_LOOP_ANALYSIS = YES;
				CLANG_WARN_STRICT_PROTOTYPES = YES;
				CLANG_WARN_SUSPICIOUS_MOVE = YES;
				CLANG_WARN_UNGUARDED_AVAILABILITY = YES_AGGRESSIVE;
				CLANG_WARN_UNREACHABLE_CODE = YES;
				CLANG_WARN__DUPLICATE_METHOD_MATCH = YES;
				COPY_PHASE_STRIP = NO;
				DEBUG_INFORMATION_FORMAT = dwarf;
				ENABLE_STRICT_OBJC_MSGSEND = YES;
				ENABLE_TESTABILITY = YES;
				GCC_C_LANGUAGE_STANDARD = gnu11;
				GCC_DYNAMIC_NO_PIC = NO;
				GCC_NO_COMMON_BLOCKS = YES;
				GCC_OPTIMIZATION_LEVEL = 0;
				GCC_PREPROCESSOR_DEFINITIONS = (
					"DEBUG=1",
					"$(inherited)",
				);
				GCC_WARN_64_TO_32_BIT_CONVERSION = YES;
				GCC_WARN_ABOUT_RETURN_TYPE = YES_ERROR;
				GCC_WARN_UNDECLARED_SELECTOR = YES;
				GCC_WARN_UNINITIALIZED_AUTOS = YES_AGGRESSIVE;
				GCC_WARN_UNUSED_FUNCTION = YES;
				GCC_WARN_UNUSED_VARIABLE = YES;
				IPHONEOS_DEPLOYMENT_TARGET = 16.4;
				MTL_ENABLE_DEBUG_INFO = INCLUDE_SOURCE;
				MTL_FAST_MATH = YES;
				ONLY_ACTIVE_ARCH = YES;
				SDKROOT = iphoneos;
				SWIFT_ACTIVE_COMPILATION_CONDITIONS = DEBUG;
				SWIFT_OPTIMIZATION_LEVEL = "-Onone";
			};
			name = Debug;
		};
		FAB4C0532A4DB45000F074B7 /* Release */ = {
			isa = XCBuildConfiguration;
			buildSettings = {
				ALWAYS_SEARCH_USER_PATHS = NO;
				CLANG_ANALYZER_NONNULL = YES;
				CLANG_ANALYZER_NUMBER_OBJECT_CONVERSION = YES_AGGRESSIVE;
				CLANG_CXX_LANGUAGE_STANDARD = "gnu++20";
				CLANG_ENABLE_MODULES = YES;
				CLANG_ENABLE_OBJC_ARC = YES;
				CLANG_ENABLE_OBJC_WEAK = YES;
				CLANG_WARN_BLOCK_CAPTURE_AUTORELEASING = YES;
				CLANG_WARN_BOOL_CONVERSION = YES;
				CLANG_WARN_COMMA = YES;
				CLANG_WARN_CONSTANT_CONVERSION = YES;
				CLANG_WARN_DEPRECATED_OBJC_IMPLEMENTATIONS = YES;
				CLANG_WARN_DIRECT_OBJC_ISA_USAGE = YES_ERROR;
				CLANG_WARN_DOCUMENTATION_COMMENTS = YES;
				CLANG_WARN_EMPTY_BODY = YES;
				CLANG_WARN_ENUM_CONVERSION = YES;
				CLANG_WARN_INFINITE_RECURSION = YES;
				CLANG_WARN_INT_CONVERSION = YES;
				CLANG_WARN_NON_LITERAL_NULL_CONVERSION = YES;
				CLANG_WARN_OBJC_IMPLICIT_RETAIN_SELF = YES;
				CLANG_WARN_OBJC_LITERAL_CONVERSION = YES;
				CLANG_WARN_OBJC_ROOT_CLASS = YES_ERROR;
				CLANG_WARN_QUOTED_INCLUDE_IN_FRAMEWORK_HEADER = YES;
				CLANG_WARN_RANGE_LOOP_ANALYSIS = YES;
				CLANG_WARN_STRICT_PROTOTYPES = YES;
				CLANG_WARN_SUSPICIOUS_MOVE = YES;
				CLANG_WARN_UNGUARDED_AVAILABILITY = YES_AGGRESSIVE;
				CLANG_WARN_UNREACHABLE_CODE = YES;
				CLANG_WARN__DUPLICATE_METHOD_MATCH = YES;
				COPY_PHASE_STRIP = NO;
				DEBUG_INFORMATION_FORMAT = "dwarf-with-dsym";
				ENABLE_NS_ASSERTIONS = NO;
				ENABLE_STRICT_OBJC_MSGSEND = YES;
				GCC_C_LANGUAGE_STANDARD = gnu11;
				GCC_NO_COMMON_BLOCKS = YES;
				GCC_WARN_64_TO_32_BIT_CONVERSION = YES;
				GCC_WARN_ABOUT_RETURN_TYPE = YES_ERROR;
				GCC_WARN_UNDECLARED_SELECTOR = YES;
				GCC_WARN_UNINITIALIZED_AUTOS = YES_AGGRESSIVE;
				GCC_WARN_UNUSED_FUNCTION = YES;
				GCC_WARN_UNUSED_VARIABLE = YES;
				IPHONEOS_DEPLOYMENT_TARGET = 16.4;
				MTL_ENABLE_DEBUG_INFO = NO;
				MTL_FAST_MATH = YES;
				SDKROOT = iphoneos;
				SWIFT_COMPILATION_MODE = wholemodule;
				SWIFT_OPTIMIZATION_LEVEL = "-O";
				VALIDATE_PRODUCT = YES;
			};
			name = Release;
		};
		FAB4C0552A4DB45000F074B7 /* Debug */ = {
			isa = XCBuildConfiguration;
			buildSettings = {
				ASSETCATALOG_COMPILER_APPICON_NAME = AppIcon;
				ASSETCATALOG_COMPILER_GLOBAL_ACCENT_COLOR_NAME = AccentColor;
				CODE_SIGN_STYLE = Automatic;
				CURRENT_PROJECT_VERSION = 1;
				DEVELOPMENT_TEAM = D4535ALUAL;
				GENERATE_INFOPLIST_FILE = YES;
				INFOPLIST_FILE = MovieBlog/Configuration/Info.plist;
				INFOPLIST_KEY_UIApplicationSupportsIndirectInputEvents = YES;
				INFOPLIST_KEY_UILaunchStoryboardName = LaunchScreen.storyboard;
				INFOPLIST_KEY_UISupportedInterfaceOrientations_iPad = "UIInterfaceOrientationPortrait UIInterfaceOrientationPortraitUpsideDown UIInterfaceOrientationLandscapeLeft UIInterfaceOrientationLandscapeRight";
				INFOPLIST_KEY_UISupportedInterfaceOrientations_iPhone = "UIInterfaceOrientationPortrait UIInterfaceOrientationLandscapeLeft UIInterfaceOrientationLandscapeRight";
				LD_RUNPATH_SEARCH_PATHS = (
					"$(inherited)",
					"@executable_path/Frameworks",
				);
				MARKETING_VERSION = 1.0;
				PRODUCT_BUNDLE_IDENTIFIER = pepikYan.MovieBlog;
				PRODUCT_NAME = "$(TARGET_NAME)";
				SWIFT_EMIT_LOC_STRINGS = YES;
				SWIFT_VERSION = 5.0;
				TARGETED_DEVICE_FAMILY = "1,2";
			};
			name = Debug;
		};
		FAB4C0562A4DB45000F074B7 /* Release */ = {
			isa = XCBuildConfiguration;
			buildSettings = {
				ASSETCATALOG_COMPILER_APPICON_NAME = AppIcon;
				ASSETCATALOG_COMPILER_GLOBAL_ACCENT_COLOR_NAME = AccentColor;
				CODE_SIGN_STYLE = Automatic;
				CURRENT_PROJECT_VERSION = 1;
				DEVELOPMENT_TEAM = D4535ALUAL;
				GENERATE_INFOPLIST_FILE = YES;
				INFOPLIST_FILE = MovieBlog/Configuration/Info.plist;
				INFOPLIST_KEY_UIApplicationSupportsIndirectInputEvents = YES;
				INFOPLIST_KEY_UILaunchStoryboardName = LaunchScreen.storyboard;
				INFOPLIST_KEY_UISupportedInterfaceOrientations_iPad = "UIInterfaceOrientationPortrait UIInterfaceOrientationPortraitUpsideDown UIInterfaceOrientationLandscapeLeft UIInterfaceOrientationLandscapeRight";
				INFOPLIST_KEY_UISupportedInterfaceOrientations_iPhone = "UIInterfaceOrientationPortrait UIInterfaceOrientationLandscapeLeft UIInterfaceOrientationLandscapeRight";
				LD_RUNPATH_SEARCH_PATHS = (
					"$(inherited)",
					"@executable_path/Frameworks",
				);
				MARKETING_VERSION = 1.0;
				PRODUCT_BUNDLE_IDENTIFIER = pepikYan.MovieBlog;
				PRODUCT_NAME = "$(TARGET_NAME)";
				SWIFT_EMIT_LOC_STRINGS = YES;
				SWIFT_VERSION = 5.0;
				TARGETED_DEVICE_FAMILY = "1,2";
			};
			name = Release;
		};
/* End XCBuildConfiguration section */

/* Begin XCConfigurationList section */
		FAB4C03B2A4DB44F00F074B7 /* Build configuration list for PBXProject "MovieBlog" */ = {
			isa = XCConfigurationList;
			buildConfigurations = (
				FAB4C0522A4DB45000F074B7 /* Debug */,
				FAB4C0532A4DB45000F074B7 /* Release */,
			);
			defaultConfigurationIsVisible = 0;
			defaultConfigurationName = Release;
		};
		FAB4C0542A4DB45000F074B7 /* Build configuration list for PBXNativeTarget "MovieBlog" */ = {
			isa = XCConfigurationList;
			buildConfigurations = (
				FAB4C0552A4DB45000F074B7 /* Debug */,
				FAB4C0562A4DB45000F074B7 /* Release */,
			);
			defaultConfigurationIsVisible = 0;
			defaultConfigurationName = Release;
		};
/* End XCConfigurationList section */
	};
	rootObject = FAB4C0382A4DB44F00F074B7 /* Project object */;
}
